
Microsoft Visual Studio Solution File, Format Version 12.00
# Visual Studio Version 16
VisualStudioVersion = 16.0.29609.76
MinimumVisualStudioVersion = 10.0.40219.1
Project("{FAE04EC0-301F-11D3-BF4B-00C04F79EFBC}") = "NumbersToWords.WPF", "NumbersToWords.WPF\NumbersToWords.WPF\NumbersToWords.WPF.csproj", "{A7BEBFFC-DF1B-49F6-A2C7-F38011B72638}"
	ProjectSection(ProjectDependencies) = postProject
		{83C4DB45-9E1A-4493-8AB0-869488AD4F12} = {83C4DB45-9E1A-4493-8AB0-869488AD4F12}
	EndProjectSection
EndProject
Project("{FAE04EC0-301F-11D3-BF4B-00C04F79EFBC}") = "NumbersToWords.WCF", "NumbersToWords.WCF\NumbersToWords.WCF\NumbersToWords.WCF.csproj", "{83C4DB45-9E1A-4493-8AB0-869488AD4F12}"
EndProject
Project("{FAE04EC0-301F-11D3-BF4B-00C04F79EFBC}") = "UnitTests", "UnitTests\UnitTests.csproj", "{ED97001C-669C-42B3-A9BF-FAD926B86736}"
EndProject
Global
	GlobalSection(SolutionConfigurationPlatforms) = preSolution
		Debug|Any CPU = Debug|Any CPU
		Debug|x86 = Debug|x86
		Release|Any CPU = Release|Any CPU
		Release|x86 = Release|x86
	EndGlobalSection
	GlobalSection(ProjectConfigurationPlatforms) = postSolution
		{A7BEBFFC-DF1B-49F6-A2C7-F38011B72638}.Debug|Any CPU.ActiveCfg = Debug|x86
		{A7BEBFFC-DF1B-49F6-A2C7-F38011B72638}.Debug|x86.ActiveCfg = Debug|x86
		{A7BEBFFC-DF1B-49F6-A2C7-F38011B72638}.Debug|x86.Build.0 = Debug|x86
		{A7BEBFFC-DF1B-49F6-A2C7-F38011B72638}.Release|Any CPU.ActiveCfg = Release|x86
		{A7BEBFFC-DF1B-49F6-A2C7-F38011B72638}.Release|x86.ActiveCfg = Release|x86
		{A7BEBFFC-DF1B-49F6-A2C7-F38011B72638}.Release|x86.Build.0 = Release|x86
		{83C4DB45-9E1A-4493-8AB0-869488AD4F12}.Debug|Any CPU.ActiveCfg = Debug|Any CPU
		{83C4DB45-9E1A-4493-8AB0-869488AD4F12}.Debug|Any CPU.Build.0 = Debug|Any CPU
		{83C4DB45-9E1A-4493-8AB0-869488AD4F12}.Debug|x86.ActiveCfg = Debug|Any CPU
		{83C4DB45-9E1A-4493-8AB0-869488AD4F12}.Debug|x86.Build.0 = Debug|Any CPU
		{83C4DB45-9E1A-4493-8AB0-869488AD4F12}.Release|Any CPU.ActiveCfg = Release|Any CPU
		{83C4DB45-9E1A-4493-8AB0-869488AD4F12}.Release|Any CPU.Build.0 = Release|Any CPU
		{83C4DB45-9E1A-4493-8AB0-869488AD4F12}.Release|x86.ActiveCfg = Release|Any CPU
		{83C4DB45-9E1A-4493-8AB0-869488AD4F12}.Release|x86.Build.0 = Release|Any CPU
		{ED97001C-669C-42B3-A9BF-FAD926B86736}.Debug|Any CPU.ActiveCfg = Debug|Any CPU
		{ED97001C-669C-42B3-A9BF-FAD926B86736}.Debug|Any CPU.Build.0 = Debug|Any CPU
		{ED97001C-669C-42B3-A9BF-FAD926B86736}.Debug|x86.ActiveCfg = Debug|Any CPU
		{ED97001C-669C-42B3-A9BF-FAD926B86736}.Debug|x86.Build.0 = Debug|Any CPU
		{ED97001C-669C-42B3-A9BF-FAD926B86736}.Release|Any CPU.ActiveCfg = Release|Any CPU
		{ED97001C-669C-42B3-A9BF-FAD926B86736}.Release|Any CPU.Build.0 = Release|Any CPU
		{ED97001C-669C-42B3-A9BF-FAD926B86736}.Release|x86.ActiveCfg = Release|Any CPU
		{ED97001C-669C-42B3-A9BF-FAD926B86736}.Release|x86.Build.0 = Release|Any CPU
	EndGlobalSection
	GlobalSection(SolutionProperties) = preSolution
		HideSolutionNode = FALSE
	EndGlobalSection
	GlobalSection(ExtensibilityGlobals) = postSolution
		SolutionGuid = {7806315B-7DB3-4445-84DD-11B33AA06553}
	EndGlobalSection
EndGlobal
